{
  "version": 1,
  "dependencies": {
    "net9.0-windows7.0": {
      "DalamudPackager": {
        "type": "Direct",
        "requested": "[13.0.0, )",
        "resolved": "13.0.0",
        "contentHash": "Mb3cUDSK/vDPQ8gQIeuCw03EMYrej1B4J44a1AvIJ9C759p9XeqdU9Hg4WgOmlnlPe0G7ILTD32PKSUpkQNa8w=="
      },
      "HtmlAgilityPack": {
        "type": "Direct",
        "requested": "[1.11.46, )",
        "resolved": "1.11.46",
        "contentHash": "dLMn4EVfJBHWmWK4Uh0XGD76FPLHI0qr2Tm0s1m/xmgiHb1JUb9zB8AzO8HtrkBBlMN6JfCUBYddhqC0hZNR+g=="
      },
      "ecommons": {
        "type": "Project"
      },
      "punishlib": {
        "type": "Project",
        "dependencies": {
          "ECommons": "[3.0.1.5, )"
        }
      }
    }
  }
}